{
  "requires": true,
  "lockfileVersion": 1,
  "dependencies": {
    "@carbon/utils-position": {
      "version": "1.0.0",
      "resolved": "https://registry.npmjs.org/@carbon/utils-position/-/utils-position-1.0.0.tgz",
      "integrity": "sha512-S89jE9Ym30r9C9EAIw8kvTloLV4tWy0KN3EFlOvtVj4wdQ6B3mOnbYzySAmTQf21DFGv6pnw+n+wB6Brlx2+nQ=="
    },
    "carbon-components": {
      "version": "10.6.1",
      "resolved": "https://registry.npmjs.org/carbon-components/-/carbon-components-10.6.1.tgz",
      "integrity": "sha512-/BJ/qVTa7jaMPzrSExAD2ESHK3U0BG1Uy4M/OGHFkBIyg4fAWbnCXhVrkIy3wBoK2dQk9sm2/8rhEUq9KWFGLQ==",
      "requires": {
        "carbon-icons": "^7.0.7",
        "flatpickr": "4.6.1",
        "lodash.debounce": "^4.0.8",
        "warning": "^3.0.0"
      }
    },
    "carbon-components-angular": {
      "version": "3.15.3",
      "resolved": "https://registry.npmjs.org/carbon-components-angular/-/carbon-components-angular-3.15.3.tgz",
      "integrity": "sha512-E1PlPoHeJnNGqIzfVfyhcl5gH5j+6rPLkseCb+XoT4PcuLUzrQOJS5rLGfL8WmCuuUT9dvON1Xpppyg/HzbmAA==",
      "requires": {
        "@carbon/utils-position": "1.0.0",
        "flatpickr": "4.6.1"
      }
    },
    "carbon-icons": {
      "version": "7.0.7",
      "resolved": "https://registry.npmjs.org/carbon-icons/-/carbon-icons-7.0.7.tgz",
      "integrity": "sha512-3vgkdXJRgCViCrH3fLUdyAXo0I8wmohO6QETv7vWFx6yc7s+SirWFBSFL38zUx4MHtR8iTxIlLEzkeU6FlFtXg=="
    },
    "flatpickr": {
      "version": "4.6.1",
      "resolved": "https://registry.npmjs.org/flatpickr/-/flatpickr-4.6.1.tgz",
      "integrity": "sha512-3ULSxbXmcMIRzer/2jLNweoqHpwDvsjEawO2FUd9UFR8uPwLM+LruZcPDpuZStcEgbQKhuFOfXo4nYdGladSNw=="
    },
    "js-tokens": {
      "version": "4.0.0",
      "resolved": "https://registry.npmjs.org/js-tokens/-/js-tokens-4.0.0.tgz",
      "integrity": "sha512-RdJUflcE3cUzKiMqQgsCu06FPu9UdIJO0beYbPhHN4k6apgJtifcoCtT9bcxOpYBtpD2kCM6Sbzg4CausW/PKQ=="
    },
    "lodash.debounce": {
      "version": "4.0.8",
      "resolved": "https://registry.npmjs.org/lodash.debounce/-/lodash.debounce-4.0.8.tgz",
      "integrity": "sha1-gteb/zCmfEAF/9XiUVMArZyk168="
    },
    "loose-envify": {
      "version": "1.4.0",
      "resolved": "https://registry.npmjs.org/loose-envify/-/loose-envify-1.4.0.tgz",
      "integrity": "sha512-lyuxPGr/Wfhrlem2CL/UcnUc1zcqKAImBDzukY7Y5F/yQiNdko6+fRLevlw1HgMySw7f611UIY408EtxRSoK3Q==",
      "requires": {
        "js-tokens": "^3.0.0 || ^4.0.0"
      }
    },
    "warning": {
      "version": "3.0.0",
      "resolved": "https://registry.npmjs.org/warning/-/warning-3.0.0.tgz",
      "integrity": "sha1-MuU3fLVy3kqwR1O9+IIcAe1gW3w=",
      "requires": {
        "loose-envify": "^1.0.0"
      }
    }
  }
}
